
Microsoft Visual Studio Solution File, Format Version 12.00
# Visual Studio Version 17
VisualStudioVersion = 17.11.35312.102
MinimumVisualStudioVersion = 10.0.40219.1
Project("{8BC9CEB8-8B4A-11D0-8D11-00A0C91BC942}") = "Project1", "Project1\Project1.vcxproj", "{3FD207CF-5A39-4902-A887-645DF0D3C13B}"
EndProject
Global
	GlobalSection(SolutionConfigurationPlatforms) = preSolution
		Debug|x64 = Debug|x64
		Debug|x86 = Debug|x86
		Release|x64 = Release|x64
		Release|x86 = Release|x86
	EndGlobalSection
	GlobalSection(ProjectConfigurationPlatforms) = postSolution
		{3FD207CF-5A39-4902-A887-645DF0D3C13B}.Debug|x64.ActiveCfg = Debug|x64
		{3FD207CF-5A39-4902-A887-645DF0D3C13B}.Debug|x64.Build.0 = Debug|x64
		{3FD207CF-5A39-4902-A887-645DF0D3C13B}.Debug|x86.ActiveCfg = Debug|Win32
		{3FD207CF-5A39-4902-A887-645DF0D3C13B}.Debug|x86.Build.0 = Debug|Win32
		{3FD207CF-5A39-4902-A887-645DF0D3C13B}.Release|x64.ActiveCfg = Release|x64
		{3FD207CF-5A39-4902-A887-645DF0D3C13B}.Release|x64.Build.0 = Release|x64
		{3FD207CF-5A39-4902-A887-645DF0D3C13B}.Release|x86.ActiveCfg = Release|Win32
		{3FD207CF-5A39-4902-A887-645DF0D3C13B}.Release|x86.Build.0 = Release|Win32
	EndGlobalSection
	GlobalSection(SolutionProperties) = preSolution
		HideSolutionNode = FALSE
	EndGlobalSection
	GlobalSection(ExtensibilityGlobals) = postSolution
		SolutionGuid = {1B3C19B5-85DB-41C9-B321-AC541C6A6921}
	EndGlobalSection
EndGlobal
